// !$*UTF8*$!
{
	archiveVersion = 1;
	classes = {
	};
	objectVersion = 46;
	objects = {

/* Begin PBXBuildFile section */
		2B49410E1E4E5F2B00991441 /* pokemon.csv in Resources */ = {isa = PBXBuildFile; fileRef = 2B49410D1E4E5F2B00991441 /* pokemon.csv */; };
		2B4941111E4E626300991441 /* Pokemon.swift in Sources */ = {isa = PBXBuildFile; fileRef = 2B4941101E4E626300991441 /* Pokemon.swift */; };
		2B4941141E4E689500991441 /* PokeCellCollectionViewCell.swift in Sources */ = {isa = PBXBuildFile; fileRef = 2B4941131E4E689500991441 /* PokeCellCollectionViewCell.swift */; };
		2B4941161E4E815100991441 /* csv.swift in Sources */ = {isa = PBXBuildFile; fileRef = 2B4941151E4E815100991441 /* csv.swift */; };
		2B4941181E4E8C2D00991441 /* pokemon.ttf in Resources */ = {isa = PBXBuildFile; fileRef = 2B4941171E4E8C2D00991441 /* pokemon.ttf */; };
		2B49411D1E4E8DA500991441 /* music.png in Resources */ = {isa = PBXBuildFile; fileRef = 2B49411C1E4E8DA500991441 /* music.png */; };
		2B49411F1E4E8E3800991441 /* music.wav in Resources */ = {isa = PBXBuildFile; fileRef = 2B49411E1E4E8E3800991441 /* music.wav */; };
		2B4941211E50E06500991441 /* PokemonDetailVC.swift in Sources */ = {isa = PBXBuildFile; fileRef = 2B4941201E50E06500991441 /* PokemonDetailVC.swift */; };
		2BB026511E4E5D1D00BE41BF /* AppDelegate.swift in Sources */ = {isa = PBXBuildFile; fileRef = 2BB026501E4E5D1D00BE41BF /* AppDelegate.swift */; };
		2BB026531E4E5D1D00BE41BF /* ViewController.swift in Sources */ = {isa = PBXBuildFile; fileRef = 2BB026521E4E5D1D00BE41BF /* ViewController.swift */; };
		2BB026561E4E5D1D00BE41BF /* Main.storyboard in Resources */ = {isa = PBXBuildFile; fileRef = 2BB026541E4E5D1D00BE41BF /* Main.storyboard */; };
		2BB026581E4E5D1D00BE41BF /* Assets.xcassets in Resources */ = {isa = PBXBuildFile; fileRef = 2BB026571E4E5D1D00BE41BF /* Assets.xcassets */; };
		2BB0265B1E4E5D1D00BE41BF /* LaunchScreen.storyboard in Resources */ = {isa = PBXBuildFile; fileRef = 2BB026591E4E5D1D00BE41BF /* LaunchScreen.storyboard */; };
/* End PBXBuildFile section */

/* Begin PBXFileReference section */
		2B49410D1E4E5F2B00991441 /* pokemon.csv */ = {isa = PBXFileReference; fileEncoding = 4; lastKnownFileType = text; path = pokemon.csv; sourceTree = "<group>"; };
		2B4941101E4E626300991441 /* Pokemon.swift */ = {isa = PBXFileReference; fileEncoding = 4; lastKnownFileType = sourcecode.swift; path = Pokemon.swift; sourceTree = "<group>"; };
		2B4941131E4E689500991441 /* PokeCellCollectionViewCell.swift */ = {isa = PBXFileReference; fileEncoding = 4; lastKnownFileType = sourcecode.swift; path = PokeCellCollectionViewCell.swift; sourceTree = "<group>"; };
		2B4941151E4E815100991441 /* csv.swift */ = {isa = PBXFileReference; fileEncoding = 4; lastKnownFileType = sourcecode.swift; name = csv.swift; path = ../csv.swift; sourceTree = "<group>"; };
		2B4941171E4E8C2D00991441 /* pokemon.ttf */ = {isa = PBXFileReference; lastKnownFileType = file; path = pokemon.ttf; sourceTree = "<group>"; };
		2B49411C1E4E8DA500991441 /* music.png */ = {isa = PBXFileReference; lastKnownFileType = image.png; path = music.png; sourceTree = "<group>"; };
		2B49411E1E4E8E3800991441 /* music.wav */ = {isa = PBXFileReference; lastKnownFileType = audio.wav; path = music.wav; sourceTree = "<group>"; };
		2B4941201E50E06500991441 /* PokemonDetailVC.swift */ = {isa = PBXFileReference; fileEncoding = 4; lastKnownFileType = sourcecode.swift; path = PokemonDetailVC.swift; sourceTree = "<group>"; };
		2BB0264D1E4E5D1D00BE41BF /* PokeDex.app */ = {isa = PBXFileReference; explicitFileType = wrapper.application; includeInIndex = 0; path = PokeDex.app; sourceTree = BUILT_PRODUCTS_DIR; };
		2BB026501E4E5D1D00BE41BF /* AppDelegate.swift */ = {isa = PBXFileReference; lastKnownFileType = sourcecode.swift; path = AppDelegate.swift; sourceTree = "<group>"; };
		2BB026521E4E5D1D00BE41BF /* ViewController.swift */ = {isa = PBXFileReference; lastKnownFileType = sourcecode.swift; path = ViewController.swift; sourceTree = "<group>"; };
		2BB026551E4E5D1D00BE41BF /* Base */ = {isa = PBXFileReference; lastKnownFileType = file.storyboard; name = Base; path = Base.lproj/Main.storyboard; sourceTree = "<group>"; };
		2BB026571E4E5D1D00BE41BF /* Assets.xcassets */ = {isa = PBXFileReference; lastKnownFileType = folder.assetcatalog; path = Assets.xcassets; sourceTree = "<group>"; };
		2BB0265A1E4E5D1D00BE41BF /* Base */ = {isa = PBXFileReference; lastKnownFileType = file.storyboard; name = Base; path = Base.lproj/LaunchScreen.storyboard; sourceTree = "<group>"; };
		2BB0265C1E4E5D1D00BE41BF /* Info.plist */ = {isa = PBXFileReference; lastKnownFileType = text.plist.xml; path = Info.plist; sourceTree = "<group>"; };
/* End PBXFileReference section */

/* Begin PBXFrameworksBuildPhase section */
		2BB0264A1E4E5D1D00BE41BF /* Frameworks */ = {
			isa = PBXFrameworksBuildPhase;
			buildActionMask = 2147483647;
			files = (
			);
			runOnlyForDeploymentPostprocessing = 0;
		};
/* End PBXFrameworksBuildPhase section */

/* Begin PBXGroup section */
		2B49410F1E4E625300991441 /* Model */ = {
			isa = PBXGroup;
			children = (
				2B4941101E4E626300991441 /* Pokemon.swift */,
			);
			name = Model;
			sourceTree = "<group>";
		};
		2B4941121E4E687500991441 /* View */ = {
			isa = PBXGroup;
			children = (
				2B4941131E4E689500991441 /* PokeCellCollectionViewCell.swift */,
			);
			name = View;
			sourceTree = "<group>";
		};
		2B4941191E4E8C5300991441 /* Controller */ = {
			isa = PBXGroup;
			children = (
				2BB026521E4E5D1D00BE41BF /* ViewController.swift */,
				2B4941201E50E06500991441 /* PokemonDetailVC.swift */,
			);
			name = Controller;
			sourceTree = "<group>";
		};
		2B49411A1E4E8C6200991441 /* Resources */ = {
			isa = PBXGroup;
			children = (
				2B49411C1E4E8DA500991441 /* music.png */,
				2B49410D1E4E5F2B00991441 /* pokemon.csv */,
				2B4941171E4E8C2D00991441 /* pokemon.ttf */,
				2B49411E1E4E8E3800991441 /* music.wav */,
			);
			name = Resources;
			sourceTree = "<group>";
		};
		2B49411B1E4E8C7E00991441 /* Util */ = {
			isa = PBXGroup;
			children = (
				2B4941151E4E815100991441 /* csv.swift */,
			);
			name = Util;
			sourceTree = "<group>";
		};
		2BB026441E4E5D1D00BE41BF = {
			isa = PBXGroup;
			children = (
				2BB0264F1E4E5D1D00BE41BF /* PokeDex */,
				2BB0264E1E4E5D1D00BE41BF /* Products */,
			);
			sourceTree = "<group>";
		};
		2BB0264E1E4E5D1D00BE41BF /* Products */ = {
			isa = PBXGroup;
			children = (
				2BB0264D1E4E5D1D00BE41BF /* PokeDex.app */,
			);
			name = Products;
			sourceTree = "<group>";
		};
		2BB0264F1E4E5D1D00BE41BF /* PokeDex */ = {
			isa = PBXGroup;
			children = (
				2B49411B1E4E8C7E00991441 /* Util */,
				2B49411A1E4E8C6200991441 /* Resources */,
				2B4941191E4E8C5300991441 /* Controller */,
				2B4941121E4E687500991441 /* View */,
				2B49410F1E4E625300991441 /* Model */,
				2BB026501E4E5D1D00BE41BF /* AppDelegate.swift */,
				2BB026541E4E5D1D00BE41BF /* Main.storyboard */,
				2BB026571E4E5D1D00BE41BF /* Assets.xcassets */,
				2BB026591E4E5D1D00BE41BF /* LaunchScreen.storyboard */,
				2BB0265C1E4E5D1D00BE41BF /* Info.plist */,
			);
			path = PokeDex;
			sourceTree = "<group>";
		};
/* End PBXGroup section */

/* Begin PBXNativeTarget section */
		2BB0264C1E4E5D1D00BE41BF /* PokeDex */ = {
			isa = PBXNativeTarget;
			buildConfigurationList = 2BB0265F1E4E5D1D00BE41BF /* Build configuration list for PBXNativeTarget "PokeDex" */;
			buildPhases = (
				2BB026491E4E5D1D00BE41BF /* Sources */,
				2BB0264A1E4E5D1D00BE41BF /* Frameworks */,
				2BB0264B1E4E5D1D00BE41BF /* Resources */,
			);
			buildRules = (
			);
			dependencies = (
			);
			name = PokeDex;
			productName = PokeDex;
			productReference = 2BB0264D1E4E5D1D00BE41BF /* PokeDex.app */;
			productType = "com.apple.product-type.application";
		};
/* End PBXNativeTarget section */

/* Begin PBXProject section */
		2BB026451E4E5D1D00BE41BF /* Project object */ = {
			isa = PBXProject;
			attributes = {
				LastSwiftUpdateCheck = 0820;
				LastUpgradeCheck = 0820;
				ORGANIZATIONNAME = "Arpita Bhatia";
				TargetAttributes = {
					2BB0264C1E4E5D1D00BE41BF = {
						CreatedOnToolsVersion = 8.2.1;
						LastSwiftMigration = 0820;
						ProvisioningStyle = Automatic;
					};
				};
			};
			buildConfigurationList = 2BB026481E4E5D1D00BE41BF /* Build configuration list for PBXProject "PokeDex" */;
			compatibilityVersion = "Xcode 3.2";
			developmentRegion = English;
			hasScannedForEncodings = 0;
			knownRegions = (
				en,
				Base,
			);
			mainGroup = 2BB026441E4E5D1D00BE41BF;
			productRefGroup = 2BB0264E1E4E5D1D00BE41BF /* Products */;
			projectDirPath = "";
			projectRoot = "";
			targets = (
				2BB0264C1E4E5D1D00BE41BF /* PokeDex */,
			);
		};
/* End PBXProject section */

/* Begin PBXResourcesBuildPhase section */
		2BB0264B1E4E5D1D00BE41BF /* Resources */ = {
			isa = PBXResourcesBuildPhase;
			buildActionMask = 2147483647;
			files = (
				2B4941181E4E8C2D00991441 /* pokemon.ttf in Resources */,
				2BB0265B1E4E5D1D00BE41BF /* LaunchScreen.storyboard in Resources */,
				2BB026581E4E5D1D00BE41BF /* Assets.xcassets in Resources */,
				2B49410E1E4E5F2B00991441 /* pokemon.csv in Resources */,
				2BB026561E4E5D1D00BE41BF /* Main.storyboard in Resources */,
				2B49411D1E4E8DA500991441 /* music.png in Resources */,
				2B49411F1E4E8E3800991441 /* music.wav in Resources */,
			);
			runOnlyForDeploymentPostprocessing = 0;
		};
/* End PBXResourcesBuildPhase section */

/* Begin PBXSourcesBuildPhase section */
		2BB026491E4E5D1D00BE41BF /* Sources */ = {
			isa = PBXSourcesBuildPhase;
			buildActionMask = 2147483647;
			files = (
				2BB026531E4E5D1D00BE41BF /* ViewController.swift in Sources */,
				2BB026511E4E5D1D00BE41BF /* AppDelegate.swift in Sources */,
				2B4941141E4E689500991441 /* PokeCellCollectionViewCell.swift in Sources */,
				2B4941211E50E06500991441 /* PokemonDetailVC.swift in Sources */,
				2B4941111E4E626300991441 /* Pokemon.swift in Sources */,
				2B4941161E4E815100991441 /* csv.swift in Sources */,
			);
			runOnlyForDeploymentPostprocessing = 0;
		};
/* End PBXSourcesBuildPhase section */

/* Begin PBXVariantGroup section */
		2BB026541E4E5D1D00BE41BF /* Main.storyboard */ = {
			isa = PBXVariantGroup;
			children = (
				2BB026551E4E5D1D00BE41BF /* Base */,
			);
			name = Main.storyboard;
			sourceTree = "<group>";
		};
		2BB026591E4E5D1D00BE41BF /* LaunchScreen.storyboard */ = {
			isa = PBXVariantGroup;
			children = (
				2BB0265A1E4E5D1D00BE41BF /* Base */,
			);
			name = LaunchScreen.storyboard;
			sourceTree = "<group>";
		};
/* End PBXVariantGroup section */

/* Begin XCBuildConfiguration section */
		2BB0265D1E4E5D1D00BE41BF /* Debug */ = {
			isa = XCBuildConfiguration;
			buildSettings = {
				ALWAYS_SEARCH_USER_PATHS = NO;
				CLANG_ANALYZER_NONNULL = YES;
				CLANG_CXX_LANGUAGE_STANDARD = "gnu++0x";
				CLANG_CXX_LIBRARY = "libc++";
				CLANG_ENABLE_MODULES = YES;
				CLANG_ENABLE_OBJC_ARC = YES;
				CLANG_WARN_BOOL_CONVERSION = YES;
				CLANG_WARN_CONSTANT_CONVERSION = YES;
				CLANG_WARN_DIRECT_OBJC_ISA_USAGE = YES_ERROR;
				CLANG_WARN_DOCUMENTATION_COMMENTS = YES;
				CLANG_WARN_EMPTY_BODY = YES;
				CLANG_WARN_ENUM_CONVERSION = YES;
				CLANG_WARN_INFINITE_RECURSION = YES;
				CLANG_WARN_INT_CONVERSION = YES;
				CLANG_WARN_OBJC_ROOT_CLASS = YES_ERROR;
				CLANG_WARN_SUSPICIOUS_MOVE = YES;
				CLANG_WARN_UNREACHABLE_CODE = YES;
				CLANG_WARN__DUPLICATE_METHOD_MATCH = YES;
				"CODE_SIGN_IDENTITY[sdk=iphoneos*]" = "iPhone Developer";
				COPY_PHASE_STRIP = NO;
				DEBUG_INFORMATION_FORMAT = dwarf;
				ENABLE_STRICT_OBJC_MSGSEND = YES;
				ENABLE_TESTABILITY = YES;
				GCC_C_LANGUAGE_STANDARD = gnu99;
				GCC_DYNAMIC_NO_PIC = NO;
				GCC_NO_COMMON_BLOCKS = YES;
				GCC_OPTIMIZATION_LEVEL = 0;
				GCC_PREPROCESSOR_DEFINITIONS = (
					"DEBUG=1",
					"$(inherited)",
				);
				GCC_WARN_64_TO_32_BIT_CONVERSION = YES;
				GCC_WARN_ABOUT_RETURN_TYPE = YES_ERROR;
				GCC_WARN_UNDECLARED_SELECTOR = YES;
				GCC_WARN_UNINITIALIZED_AUTOS = YES_AGGRESSIVE;
				GCC_WARN_UNUSED_FUNCTION = YES;
				GCC_WARN_UNUSED_VARIABLE = YES;
				IPHONEOS_DEPLOYMENT_TARGET = 10.2;
				MTL_ENABLE_DEBUG_INFO = YES;
				ONLY_ACTIVE_ARCH = YES;
				SDKROOT = iphoneos;
				SWIFT_ACTIVE_COMPILATION_CONDITIONS = DEBUG;
				SWIFT_OPTIMIZATION_LEVEL = "-Onone";
			};
			name = Debug;
		};
		2BB0265E1E4E5D1D00BE41BF /* Release */ = {
			isa = XCBuildConfiguration;
			buildSettings = {
				ALWAYS_SEARCH_USER_PATHS = NO;
				CLANG_ANALYZER_NONNULL = YES;
				CLANG_CXX_LANGUAGE_STANDARD = "gnu++0x";
				CLANG_CXX_LIBRARY = "libc++";
				CLANG_ENABLE_MODULES = YES;
				CLANG_ENABLE_OBJC_ARC = YES;
				CLANG_WARN_BOOL_CONVERSION = YES;
				CLANG_WARN_CONSTANT_CONVERSION = YES;
				CLANG_WARN_DIRECT_OBJC_ISA_USAGE = YES_ERROR;
				CLANG_WARN_DOCUMENTATION_COMMENTS = YES;
				CLANG_WARN_EMPTY_BODY = YES;
				CLANG_WARN_ENUM_CONVERSION = YES;
				CLANG_WARN_INFINITE_RECURSION = YES;
				CLANG_WARN_INT_CONVERSION = YES;
				CLANG_WARN_OBJC_ROOT_CLASS = YES_ERROR;
				CLANG_WARN_SUSPICIOUS_MOVE = YES;
				CLANG_WARN_UNREACHABLE_CODE = YES;
				CLANG_WARN__DUPLICATE_METHOD_MATCH = YES;
				"CODE_SIGN_IDENTITY[sdk=iphoneos*]" = "iPhone Developer";
				COPY_PHASE_STRIP = NO;
				DEBUG_INFORMATION_FORMAT = "dwarf-with-dsym";
				ENABLE_NS_ASSERTIONS = NO;
				ENABLE_STRICT_OBJC_MSGSEND = YES;
				GCC_C_LANGUAGE_STANDARD = gnu99;
				GCC_NO_COMMON_BLOCKS = YES;
				GCC_WARN_64_TO_32_BIT_CONVERSION = YES;
				GCC_WARN_ABOUT_RETURN_TYPE = YES_ERROR;
				GCC_WARN_UNDECLARED_SELECTOR = YES;
				GCC_WARN_UNINITIALIZED_AUTOS = YES_AGGRESSIVE;
				GCC_WARN_UNUSED_FUNCTION = YES;
				GCC_WARN_UNUSED_VARIABLE = YES;
				IPHONEOS_DEPLOYMENT_TARGET = 10.2;
				MTL_ENABLE_DEBUG_INFO = NO;
				SDKROOT = iphoneos;
				SWIFT_OPTIMIZATION_LEVEL = "-Owholemodule";
				VALIDATE_PRODUCT = YES;
			};
			name = Release;
		};
		2BB026601E4E5D1D00BE41BF /* Debug */ = {
			isa = XCBuildConfiguration;
			buildSettings = {
				ASSETCATALOG_COMPILER_APPICON_NAME = AppIcon;
				INFOPLIST_FILE = PokeDex/Info.plist;
				LD_RUNPATH_SEARCH_PATHS = "$(inherited) @executable_path/Frameworks";
				PRODUCT_BUNDLE_IDENTIFIER = com.ab.PokeDex;
				PRODUCT_NAME = "$(TARGET_NAME)";
				SWIFT_VERSION = 3.0;
			};
			name = Debug;
		};
		2BB026611E4E5D1D00BE41BF /* Release */ = {
			isa = XCBuildConfiguration;
			buildSettings = {
				ASSETCATALOG_COMPILER_APPICON_NAME = AppIcon;
				INFOPLIST_FILE = PokeDex/Info.plist;
				LD_RUNPATH_SEARCH_PATHS = "$(inherited) @executable_path/Frameworks";
				PRODUCT_BUNDLE_IDENTIFIER = com.ab.PokeDex;
				PRODUCT_NAME = "$(TARGET_NAME)";
				SWIFT_VERSION = 3.0;
			};
			name = Release;
		};
/* End XCBuildConfiguration section */

/* Begin XCConfigurationList section */
		2BB026481E4E5D1D00BE41BF /* Build configuration list for PBXProject "PokeDex" */ = {
			isa = XCConfigurationList;
			buildConfigurations = (
				2BB0265D1E4E5D1D00BE41BF /* Debug */,
				2BB0265E1E4E5D1D00BE41BF /* Release */,
			);
			defaultConfigurationIsVisible = 0;
			defaultConfigurationName = Release;
		};
		2BB0265F1E4E5D1D00BE41BF /* Build configuration list for PBXNativeTarget "PokeDex" */ = {
			isa = XCConfigurationList;
			buildConfigurations = (
				2BB026601E4E5D1D00BE41BF /* Debug */,
				2BB026611E4E5D1D00BE41BF /* Release */,
			);
			defaultConfigurationIsVisible = 0;
			defaultConfigurationName = Release;
		};
/* End XCConfigurationList section */
	};
	rootObject = 2BB026451E4E5D1D00BE41BF /* Project object */;
}
